
Microsoft Visual Studio Solution File, Format Version 12.00
# Visual Studio Version 17
VisualStudioVersion = 17.0.31903.59
MinimumVisualStudioVersion = 10.0.40219.1
Project("{FAE04EC0-301F-11D3-BF4B-00C04F79EFBC}") = "TaskManagement.API", "TaskManagement.API\TaskManagement.API.csproj", "{8E987664-1FC8-4950-BCA5-CAFBCBCDEC7D}"
EndProject
Project("{FAE04EC0-301F-11D3-BF4B-00C04F79EFBC}") = "TaskManagement.Application", "TaskManagement.Application\TaskManagement.Application.csproj", "{AFC7B198-DFB4-4F6D-BCAC-4B844077655A}"
EndProject
Project("{FAE04EC0-301F-11D3-BF4B-00C04F79EFBC}") = "TaskManagement.Domain", "TaskManagement.Domain\TaskManagement.Domain.csproj", "{4DA60758-AB34-4B1E-A950-50316C8B093F}"
EndProject
Project("{FAE04EC0-301F-11D3-BF4B-00C04F79EFBC}") = "TaskManagement.Infrastructure", "TaskManagement.Infrastructure\TaskManagement.Infrastructure.csproj", "{0F56774C-672C-428E-AEE7-91D592439D40}"
EndProject
Project("{FAE04EC0-301F-11D3-BF4B-00C04F79EFBC}") = "TaskManagement.Common", "TaskManagement.Common\TaskManagement.Common.csproj", "{AE403900-E230-424B-B360-B51DB6CE79CD}"
EndProject
Global
	GlobalSection(SolutionConfigurationPlatforms) = preSolution
		Debug|Any CPU = Debug|Any CPU
		Release|Any CPU = Release|Any CPU
	EndGlobalSection
	GlobalSection(SolutionProperties) = preSolution
		HideSolutionNode = FALSE
	EndGlobalSection
	GlobalSection(ProjectConfigurationPlatforms) = postSolution
		{8E987664-1FC8-4950-BCA5-CAFBCBCDEC7D}.Debug|Any CPU.ActiveCfg = Debug|Any CPU
		{8E987664-1FC8-4950-BCA5-CAFBCBCDEC7D}.Debug|Any CPU.Build.0 = Debug|Any CPU
		{8E987664-1FC8-4950-BCA5-CAFBCBCDEC7D}.Release|Any CPU.ActiveCfg = Release|Any CPU
		{8E987664-1FC8-4950-BCA5-CAFBCBCDEC7D}.Release|Any CPU.Build.0 = Release|Any CPU
		{AFC7B198-DFB4-4F6D-BCAC-4B844077655A}.Debug|Any CPU.ActiveCfg = Debug|Any CPU
		{AFC7B198-DFB4-4F6D-BCAC-4B844077655A}.Debug|Any CPU.Build.0 = Debug|Any CPU
		{AFC7B198-DFB4-4F6D-BCAC-4B844077655A}.Release|Any CPU.ActiveCfg = Release|Any CPU
		{AFC7B198-DFB4-4F6D-BCAC-4B844077655A}.Release|Any CPU.Build.0 = Release|Any CPU
		{4DA60758-AB34-4B1E-A950-50316C8B093F}.Debug|Any CPU.ActiveCfg = Debug|Any CPU
		{4DA60758-AB34-4B1E-A950-50316C8B093F}.Debug|Any CPU.Build.0 = Debug|Any CPU
		{4DA60758-AB34-4B1E-A950-50316C8B093F}.Release|Any CPU.ActiveCfg = Release|Any CPU
		{4DA60758-AB34-4B1E-A950-50316C8B093F}.Release|Any CPU.Build.0 = Release|Any CPU
		{0F56774C-672C-428E-AEE7-91D592439D40}.Debug|Any CPU.ActiveCfg = Debug|Any CPU
		{0F56774C-672C-428E-AEE7-91D592439D40}.Debug|Any CPU.Build.0 = Debug|Any CPU
		{0F56774C-672C-428E-AEE7-91D592439D40}.Release|Any CPU.ActiveCfg = Release|Any CPU
		{0F56774C-672C-428E-AEE7-91D592439D40}.Release|Any CPU.Build.0 = Release|Any CPU
		{AE403900-E230-424B-B360-B51DB6CE79CD}.Debug|Any CPU.ActiveCfg = Debug|Any CPU
		{AE403900-E230-424B-B360-B51DB6CE79CD}.Debug|Any CPU.Build.0 = Debug|Any CPU
		{AE403900-E230-424B-B360-B51DB6CE79CD}.Release|Any CPU.ActiveCfg = Release|Any CPU
		{AE403900-E230-424B-B360-B51DB6CE79CD}.Release|Any CPU.Build.0 = Release|Any CPU
	EndGlobalSection
EndGlobal
